
Microsoft Visual Studio Solution File, Format Version 12.00
# Visual Studio Version 16
VisualStudioVersion = 16.0.31624.102
MinimumVisualStudioVersion = 10.0.40219.1
Project("{9A19103F-16F7-4668-BE54-9A1E7A4F7556}") = "TP-Interfaz", "TP-Interfaz\TP-Interfaz.csproj", "{A2A079F6-2DAE-4D6F-8626-C34079594900}"
EndProject
Project("{9A19103F-16F7-4668-BE54-9A1E7A4F7556}") = "TP-Entidades", "TP-Entidades\TP-Entidades.csproj", "{4B053D1B-6968-4197-A8F6-19B34981DC1C}"
EndProject
Global
	GlobalSection(SolutionConfigurationPlatforms) = preSolution
		Debug|Any CPU = Debug|Any CPU
		Release|Any CPU = Release|Any CPU
	EndGlobalSection
	GlobalSection(ProjectConfigurationPlatforms) = postSolution
		{A2A079F6-2DAE-4D6F-8626-C34079594900}.Debug|Any CPU.ActiveCfg = Debug|Any CPU
		{A2A079F6-2DAE-4D6F-8626-C34079594900}.Debug|Any CPU.Build.0 = Debug|Any CPU
		{A2A079F6-2DAE-4D6F-8626-C34079594900}.Release|Any CPU.ActiveCfg = Release|Any CPU
		{A2A079F6-2DAE-4D6F-8626-C34079594900}.Release|Any CPU.Build.0 = Release|Any CPU
		{4B053D1B-6968-4197-A8F6-19B34981DC1C}.Debug|Any CPU.ActiveCfg = Debug|Any CPU
		{4B053D1B-6968-4197-A8F6-19B34981DC1C}.Debug|Any CPU.Build.0 = Debug|Any CPU
		{4B053D1B-6968-4197-A8F6-19B34981DC1C}.Release|Any CPU.ActiveCfg = Release|Any CPU
		{4B053D1B-6968-4197-A8F6-19B34981DC1C}.Release|Any CPU.Build.0 = Release|Any CPU
	EndGlobalSection
	GlobalSection(SolutionProperties) = preSolution
		HideSolutionNode = FALSE
	EndGlobalSection
	GlobalSection(ExtensibilityGlobals) = postSolution
		SolutionGuid = {B3CEE51B-97B1-4E77-858B-D9087FF57BDB}
	EndGlobalSection
EndGlobal
